{
  "name": "lesson-14-adaptive",
  "lockfileVersion": 2,
  "requires": true,
  "packages": {
    "": {
      "dependencies": {
        "simptip": "^1.0.4"
      }
    },
    "node_modules/simptip": {
      "version": "1.0.4",
      "resolved": "https://registry.npmjs.org/simptip/-/simptip-1.0.4.tgz",
      "integrity": "sha512-2aaLhDADImy74QUXm9E6Ys0Z6ncCktBjRed1G7J56QVA588k6hvBJ51jWghPebzln0WR0UmzD7hAovuhhSXoWA=="
    }
  },
  "dependencies": {
    "simptip": {
      "version": "1.0.4",
      "resolved": "https://registry.npmjs.org/simptip/-/simptip-1.0.4.tgz",
      "integrity": "sha512-2aaLhDADImy74QUXm9E6Ys0Z6ncCktBjRed1G7J56QVA588k6hvBJ51jWghPebzln0WR0UmzD7hAovuhhSXoWA=="
    }
  }
}
